
Microsoft Visual Studio Solution File, Format Version 12.00
# Visual Studio 14
VisualStudioVersion = 14.0.24720.0
MinimumVisualStudioVersion = 10.0.40219.1
Project("{FAE04EC0-301F-11D3-BF4B-00C04F79EFBC}") = "Tennis Live Scores", "Tennis Betfair\Tennis Live Scores.csproj", "{7C768EE4-2A8E-44A9-8192-F670B40FD3DC}"
EndProject
Project("{6141683F-8A12-4E36-9623-2EB02B2C2303}") = "TennisSetup", "TennisSetup\TennisSetup.isproj", "{C506C509-9AB1-4136-A508-C03A082D1136}"
	ProjectSection(ProjectDependencies) = postProject
		{7C768EE4-2A8E-44A9-8192-F670B40FD3DC} = {7C768EE4-2A8E-44A9-8192-F670B40FD3DC}
	EndProjectSection
EndProject
Project("{FAE04EC0-301F-11D3-BF4B-00C04F79EFBC}") = "UnitTest", "UnitTest\UnitTest.csproj", "{E4E490B7-0F8E-47F9-98A0-F81E35797DDA}"
EndProject
Project("{2150E333-8FDC-42A3-9474-1A3956D46DE8}") = "Solution Items", "Solution Items", "{4D59C918-E10E-4DBD-913C-7246A1E9B3B7}"
	ProjectSection(SolutionItems) = preProject
		Local.testsettings = Local.testsettings
	EndProjectSection
EndProject
Global
	GlobalSection(SolutionConfigurationPlatforms) = preSolution
		CD_ROM|Any CPU = CD_ROM|Any CPU
		CD_ROM|x64 = CD_ROM|x64
		CD_ROM|x86 = CD_ROM|x86
		Debug|Any CPU = Debug|Any CPU
		Debug|x64 = Debug|x64
		Debug|x86 = Debug|x86
		DVD-5|Any CPU = DVD-5|Any CPU
		DVD-5|x64 = DVD-5|x64
		DVD-5|x86 = DVD-5|x86
		Release|Any CPU = Release|Any CPU
		Release|x64 = Release|x64
		Release|x86 = Release|x86
		SingleImage|Any CPU = SingleImage|Any CPU
		SingleImage|x64 = SingleImage|x64
		SingleImage|x86 = SingleImage|x86
	EndGlobalSection
	GlobalSection(ProjectConfigurationPlatforms) = postSolution
		{7C768EE4-2A8E-44A9-8192-F670B40FD3DC}.CD_ROM|Any CPU.ActiveCfg = Release|Any CPU
		{7C768EE4-2A8E-44A9-8192-F670B40FD3DC}.CD_ROM|Any CPU.Build.0 = Release|Any CPU
		{7C768EE4-2A8E-44A9-8192-F670B40FD3DC}.CD_ROM|x64.ActiveCfg = Release|Any CPU
		{7C768EE4-2A8E-44A9-8192-F670B40FD3DC}.CD_ROM|x64.Build.0 = Release|Any CPU
		{7C768EE4-2A8E-44A9-8192-F670B40FD3DC}.CD_ROM|x86.ActiveCfg = Release|Any CPU
		{7C768EE4-2A8E-44A9-8192-F670B40FD3DC}.CD_ROM|x86.Build.0 = Release|Any CPU
		{7C768EE4-2A8E-44A9-8192-F670B40FD3DC}.Debug|Any CPU.ActiveCfg = Debug|Any CPU
		{7C768EE4-2A8E-44A9-8192-F670B40FD3DC}.Debug|Any CPU.Build.0 = Debug|Any CPU
		{7C768EE4-2A8E-44A9-8192-F670B40FD3DC}.Debug|x64.ActiveCfg = Debug|x64
		{7C768EE4-2A8E-44A9-8192-F670B40FD3DC}.Debug|x64.Build.0 = Debug|x64
		{7C768EE4-2A8E-44A9-8192-F670B40FD3DC}.Debug|x86.ActiveCfg = Debug|x86
		{7C768EE4-2A8E-44A9-8192-F670B40FD3DC}.Debug|x86.Build.0 = Debug|x86
		{7C768EE4-2A8E-44A9-8192-F670B40FD3DC}.DVD-5|Any CPU.ActiveCfg = Debug|Any CPU
		{7C768EE4-2A8E-44A9-8192-F670B40FD3DC}.DVD-5|Any CPU.Build.0 = Debug|Any CPU
		{7C768EE4-2A8E-44A9-8192-F670B40FD3DC}.DVD-5|x64.ActiveCfg = Debug|Any CPU
		{7C768EE4-2A8E-44A9-8192-F670B40FD3DC}.DVD-5|x64.Build.0 = Debug|Any CPU
		{7C768EE4-2A8E-44A9-8192-F670B40FD3DC}.DVD-5|x86.ActiveCfg = Debug|Any CPU
		{7C768EE4-2A8E-44A9-8192-F670B40FD3DC}.DVD-5|x86.Build.0 = Debug|Any CPU
		{7C768EE4-2A8E-44A9-8192-F670B40FD3DC}.Release|Any CPU.ActiveCfg = Release|Any CPU
		{7C768EE4-2A8E-44A9-8192-F670B40FD3DC}.Release|Any CPU.Build.0 = Release|Any CPU
		{7C768EE4-2A8E-44A9-8192-F670B40FD3DC}.Release|x64.ActiveCfg = Release|Any CPU
		{7C768EE4-2A8E-44A9-8192-F670B40FD3DC}.Release|x64.Build.0 = Release|Any CPU
		{7C768EE4-2A8E-44A9-8192-F670B40FD3DC}.Release|x86.ActiveCfg = Release|Any CPU
		{7C768EE4-2A8E-44A9-8192-F670B40FD3DC}.Release|x86.Build.0 = Release|Any CPU
		{7C768EE4-2A8E-44A9-8192-F670B40FD3DC}.SingleImage|Any CPU.ActiveCfg = Release|Any CPU
		{7C768EE4-2A8E-44A9-8192-F670B40FD3DC}.SingleImage|Any CPU.Build.0 = Release|Any CPU
		{7C768EE4-2A8E-44A9-8192-F670B40FD3DC}.SingleImage|x64.ActiveCfg = Release|Any CPU
		{7C768EE4-2A8E-44A9-8192-F670B40FD3DC}.SingleImage|x64.Build.0 = Release|Any CPU
		{7C768EE4-2A8E-44A9-8192-F670B40FD3DC}.SingleImage|x86.ActiveCfg = Release|Any CPU
		{7C768EE4-2A8E-44A9-8192-F670B40FD3DC}.SingleImage|x86.Build.0 = Release|Any CPU
		{C506C509-9AB1-4136-A508-C03A082D1136}.CD_ROM|Any CPU.ActiveCfg = CD_ROM
		{C506C509-9AB1-4136-A508-C03A082D1136}.CD_ROM|Any CPU.Build.0 = CD_ROM
		{C506C509-9AB1-4136-A508-C03A082D1136}.CD_ROM|x64.ActiveCfg = CD_ROM
		{C506C509-9AB1-4136-A508-C03A082D1136}.CD_ROM|x64.Build.0 = CD_ROM
		{C506C509-9AB1-4136-A508-C03A082D1136}.CD_ROM|x86.ActiveCfg = CD_ROM
		{C506C509-9AB1-4136-A508-C03A082D1136}.CD_ROM|x86.Build.0 = CD_ROM
		{C506C509-9AB1-4136-A508-C03A082D1136}.Debug|Any CPU.ActiveCfg = DVD-5
		{C506C509-9AB1-4136-A508-C03A082D1136}.Debug|Any CPU.Build.0 = DVD-5
		{C506C509-9AB1-4136-A508-C03A082D1136}.Debug|x64.ActiveCfg = DVD-5
		{C506C509-9AB1-4136-A508-C03A082D1136}.Debug|x64.Build.0 = DVD-5
		{C506C509-9AB1-4136-A508-C03A082D1136}.Debug|x86.ActiveCfg = DVD-5
		{C506C509-9AB1-4136-A508-C03A082D1136}.Debug|x86.Build.0 = DVD-5
		{C506C509-9AB1-4136-A508-C03A082D1136}.DVD-5|Any CPU.ActiveCfg = DVD-5
		{C506C509-9AB1-4136-A508-C03A082D1136}.DVD-5|Any CPU.Build.0 = DVD-5
		{C506C509-9AB1-4136-A508-C03A082D1136}.DVD-5|x64.ActiveCfg = DVD-5
		{C506C509-9AB1-4136-A508-C03A082D1136}.DVD-5|x64.Build.0 = DVD-5
		{C506C509-9AB1-4136-A508-C03A082D1136}.DVD-5|x86.ActiveCfg = DVD-5
		{C506C509-9AB1-4136-A508-C03A082D1136}.DVD-5|x86.Build.0 = DVD-5
		{C506C509-9AB1-4136-A508-C03A082D1136}.Release|Any CPU.ActiveCfg = SingleImage
		{C506C509-9AB1-4136-A508-C03A082D1136}.Release|Any CPU.Build.0 = SingleImage
		{C506C509-9AB1-4136-A508-C03A082D1136}.Release|x64.ActiveCfg = SingleImage
		{C506C509-9AB1-4136-A508-C03A082D1136}.Release|x64.Build.0 = SingleImage
		{C506C509-9AB1-4136-A508-C03A082D1136}.Release|x86.ActiveCfg = SingleImage
		{C506C509-9AB1-4136-A508-C03A082D1136}.Release|x86.Build.0 = SingleImage
		{C506C509-9AB1-4136-A508-C03A082D1136}.SingleImage|Any CPU.ActiveCfg = SingleImage
		{C506C509-9AB1-4136-A508-C03A082D1136}.SingleImage|Any CPU.Build.0 = SingleImage
		{C506C509-9AB1-4136-A508-C03A082D1136}.SingleImage|x64.ActiveCfg = SingleImage
		{C506C509-9AB1-4136-A508-C03A082D1136}.SingleImage|x64.Build.0 = SingleImage
		{C506C509-9AB1-4136-A508-C03A082D1136}.SingleImage|x86.ActiveCfg = SingleImage
		{C506C509-9AB1-4136-A508-C03A082D1136}.SingleImage|x86.Build.0 = SingleImage
		{E4E490B7-0F8E-47F9-98A0-F81E35797DDA}.CD_ROM|Any CPU.ActiveCfg = Release|Any CPU
		{E4E490B7-0F8E-47F9-98A0-F81E35797DDA}.CD_ROM|Any CPU.Build.0 = Release|Any CPU
		{E4E490B7-0F8E-47F9-98A0-F81E35797DDA}.CD_ROM|x64.ActiveCfg = Release|Any CPU
		{E4E490B7-0F8E-47F9-98A0-F81E35797DDA}.CD_ROM|x64.Build.0 = Release|Any CPU
		{E4E490B7-0F8E-47F9-98A0-F81E35797DDA}.CD_ROM|x86.ActiveCfg = Release|Any CPU
		{E4E490B7-0F8E-47F9-98A0-F81E35797DDA}.CD_ROM|x86.Build.0 = Release|Any CPU
		{E4E490B7-0F8E-47F9-98A0-F81E35797DDA}.Debug|Any CPU.ActiveCfg = Debug|Any CPU
		{E4E490B7-0F8E-47F9-98A0-F81E35797DDA}.Debug|Any CPU.Build.0 = Debug|Any CPU
		{E4E490B7-0F8E-47F9-98A0-F81E35797DDA}.Debug|x64.ActiveCfg = Debug|x64
		{E4E490B7-0F8E-47F9-98A0-F81E35797DDA}.Debug|x64.Build.0 = Debug|x64
		{E4E490B7-0F8E-47F9-98A0-F81E35797DDA}.Debug|x86.ActiveCfg = Debug|Any CPU
		{E4E490B7-0F8E-47F9-98A0-F81E35797DDA}.Debug|x86.Build.0 = Debug|Any CPU
		{E4E490B7-0F8E-47F9-98A0-F81E35797DDA}.DVD-5|Any CPU.ActiveCfg = Debug|Any CPU
		{E4E490B7-0F8E-47F9-98A0-F81E35797DDA}.DVD-5|Any CPU.Build.0 = Debug|Any CPU
		{E4E490B7-0F8E-47F9-98A0-F81E35797DDA}.DVD-5|x64.ActiveCfg = Debug|Any CPU
		{E4E490B7-0F8E-47F9-98A0-F81E35797DDA}.DVD-5|x64.Build.0 = Debug|Any CPU
		{E4E490B7-0F8E-47F9-98A0-F81E35797DDA}.DVD-5|x86.ActiveCfg = Debug|Any CPU
		{E4E490B7-0F8E-47F9-98A0-F81E35797DDA}.DVD-5|x86.Build.0 = Debug|Any CPU
		{E4E490B7-0F8E-47F9-98A0-F81E35797DDA}.Release|Any CPU.ActiveCfg = Release|Any CPU
		{E4E490B7-0F8E-47F9-98A0-F81E35797DDA}.Release|Any CPU.Build.0 = Release|Any CPU
		{E4E490B7-0F8E-47F9-98A0-F81E35797DDA}.Release|x64.ActiveCfg = Release|Any CPU
		{E4E490B7-0F8E-47F9-98A0-F81E35797DDA}.Release|x64.Build.0 = Release|Any CPU
		{E4E490B7-0F8E-47F9-98A0-F81E35797DDA}.Release|x86.ActiveCfg = Release|Any CPU
		{E4E490B7-0F8E-47F9-98A0-F81E35797DDA}.Release|x86.Build.0 = Release|Any CPU
		{E4E490B7-0F8E-47F9-98A0-F81E35797DDA}.SingleImage|Any CPU.ActiveCfg = Release|Any CPU
		{E4E490B7-0F8E-47F9-98A0-F81E35797DDA}.SingleImage|Any CPU.Build.0 = Release|Any CPU
		{E4E490B7-0F8E-47F9-98A0-F81E35797DDA}.SingleImage|x64.ActiveCfg = Release|Any CPU
		{E4E490B7-0F8E-47F9-98A0-F81E35797DDA}.SingleImage|x64.Build.0 = Release|Any CPU
		{E4E490B7-0F8E-47F9-98A0-F81E35797DDA}.SingleImage|x86.ActiveCfg = Release|Any CPU
		{E4E490B7-0F8E-47F9-98A0-F81E35797DDA}.SingleImage|x86.Build.0 = Release|Any CPU
	EndGlobalSection
	GlobalSection(SolutionProperties) = preSolution
		HideSolutionNode = FALSE
	EndGlobalSection
EndGlobal
